
Microsoft Visual Studio Solution File, Format Version 12.00
# Visual Studio Version 16
VisualStudioVersion = 16.0.29806.167
MinimumVisualStudioVersion = 10.0.40219.1
Project("{8BC9CEB8-8B4A-11D0-8D11-00A0C91BC942}") = "FileLevelTrim", "FileLevelTrim\FileLevelTrim.vcxproj", "{C9EDCF3E-1794-41F7-9676-5BEB9973F44B}"
EndProject
Global
	GlobalSection(SolutionConfigurationPlatforms) = preSolution
		Debug|x64 = Debug|x64
		Debug|x86 = Debug|x86
		Release|x64 = Release|x64
		Release|x86 = Release|x86
		Release-s|x64 = Release-s|x64
		Release-s|x86 = Release-s|x86
	EndGlobalSection
	GlobalSection(ProjectConfigurationPlatforms) = postSolution
		{C9EDCF3E-1794-41F7-9676-5BEB9973F44B}.Debug|x64.ActiveCfg = Debug|x64
		{C9EDCF3E-1794-41F7-9676-5BEB9973F44B}.Debug|x64.Build.0 = Debug|x64
		{C9EDCF3E-1794-41F7-9676-5BEB9973F44B}.Debug|x86.ActiveCfg = Debug|Win32
		{C9EDCF3E-1794-41F7-9676-5BEB9973F44B}.Debug|x86.Build.0 = Debug|Win32
		{C9EDCF3E-1794-41F7-9676-5BEB9973F44B}.Release|x64.ActiveCfg = Release|x64
		{C9EDCF3E-1794-41F7-9676-5BEB9973F44B}.Release|x64.Build.0 = Release|x64
		{C9EDCF3E-1794-41F7-9676-5BEB9973F44B}.Release|x86.ActiveCfg = Release|Win32
		{C9EDCF3E-1794-41F7-9676-5BEB9973F44B}.Release|x86.Build.0 = Release|Win32
		{C9EDCF3E-1794-41F7-9676-5BEB9973F44B}.Release-s|x64.ActiveCfg = Release-s|x64
		{C9EDCF3E-1794-41F7-9676-5BEB9973F44B}.Release-s|x64.Build.0 = Release-s|x64
		{C9EDCF3E-1794-41F7-9676-5BEB9973F44B}.Release-s|x86.ActiveCfg = Release-s|Win32
		{C9EDCF3E-1794-41F7-9676-5BEB9973F44B}.Release-s|x86.Build.0 = Release-s|Win32
	EndGlobalSection
	GlobalSection(SolutionProperties) = preSolution
		HideSolutionNode = FALSE
	EndGlobalSection
	GlobalSection(ExtensibilityGlobals) = postSolution
		SolutionGuid = {D7A4291E-5643-4003-968D-B70E06588D63}
	EndGlobalSection
EndGlobal
